
Microsoft Visual Studio Solution File, Format Version 12.00
# Visual Studio Version 17
VisualStudioVersion = 17.4.33213.308
MinimumVisualStudioVersion = 10.0.40219.1
Project("{FAE04EC0-301F-11D3-BF4B-00C04F79EFBC}") = "Assignment1B", "Assignment1B\Assignment1B.csproj", "{CE9970FA-C685-4990-864F-8F5D01035470}"
EndProject
Global
	GlobalSection(SolutionConfigurationPlatforms) = preSolution
		Debug|Any CPU = Debug|Any CPU
		Release|Any CPU = Release|Any CPU
	EndGlobalSection
	GlobalSection(ProjectConfigurationPlatforms) = postSolution
		{CE9970FA-C685-4990-864F-8F5D01035470}.Debug|Any CPU.ActiveCfg = Debug|Any CPU
		{CE9970FA-C685-4990-864F-8F5D01035470}.Debug|Any CPU.Build.0 = Debug|Any CPU
		{CE9970FA-C685-4990-864F-8F5D01035470}.Release|Any CPU.ActiveCfg = Release|Any CPU
		{CE9970FA-C685-4990-864F-8F5D01035470}.Release|Any CPU.Build.0 = Release|Any CPU
	EndGlobalSection
	GlobalSection(SolutionProperties) = preSolution
		HideSolutionNode = FALSE
	EndGlobalSection
	GlobalSection(ExtensibilityGlobals) = postSolution
		SolutionGuid = {D76DECC7-BF71-4B3C-83A2-B192D8300BAA}
	EndGlobalSection
EndGlobal
